{
  "name": "frontend",
  "lockfileVersion": 3,
  "requires": true,
  "packages": {
    "": {
      "dependencies": {
        "dompurify": "^3.0.1",
        "validator": "^13.9.0"
      }
    },
    "node_modules/dompurify": {
      "version": "3.0.1",
      "resolved": "https://registry.npmjs.org/dompurify/-/dompurify-3.0.1.tgz",
      "integrity": "sha512-60tsgvPKwItxZZdfLmamp0MTcecCta3avOhsLgPZ0qcWt96OasFfhkeIRbJ6br5i0fQawT1/RBGB5L58/Jpwuw=="
    },
    "node_modules/validator": {
      "version": "13.9.0",
      "resolved": "https://registry.npmjs.org/validator/-/validator-13.9.0.tgz",
      "integrity": "sha512-B+dGG8U3fdtM0/aNK4/X8CXq/EcxU2WPrPEkJGslb47qyHsxmbggTWK0yEA4qnYVNF+nxNlN88o14hIcPmSIEA==",
      "engines": {
        "node": ">= 0.10"
      }
    }
  }
}
